// !$*UTF8*$!
{
	archiveVersion = 1;
	classes = {
	};
	objectVersion = 56;
	objects = {

/* Begin PBXBuildFile section */
		3035D6CA29D1089400AE20DA /* Launch Screen.storyboard in Resources */ = {isa = PBXBuildFile; fileRef = 3035D6C929D1089400AE20DA /* Launch Screen.storyboard */; };
		3035D6D229D10C4B00AE20DA /* NoBackground.png in Resources */ = {isa = PBXBuildFile; fileRef = 3035D6D129D10C4B00AE20DA /* NoBackground.png */; };
		3035D6D429D10E2F00AE20DA /* Preview Content in Resources */ = {isa = PBXBuildFile; fileRef = 3035D6D329D10E2F00AE20DA /* Preview Content */; };
		3035D6D729D11F3000AE20DA /* Localizable.strings in Resources */ = {isa = PBXBuildFile; fileRef = 3035D6D929D11F3000AE20DA /* Localizable.strings */; };
		30CB8B4929CE6AAE00A38906 /* GreetingsApp.swift in Sources */ = {isa = PBXBuildFile; fileRef = 30CB8B4829CE6AAE00A38906 /* GreetingsApp.swift */; };
		30CB8B4B29CE6AAE00A38906 /* GreetingsView.swift in Sources */ = {isa = PBXBuildFile; fileRef = 30CB8B4A29CE6AAE00A38906 /* GreetingsView.swift */; };
		30CB8B4D29CE6AAF00A38906 /* Assets.xcassets in Resources */ = {isa = PBXBuildFile; fileRef = 30CB8B4C29CE6AAF00A38906 /* Assets.xcassets */; };
		30CBB1B229D1A62B004AC765 /* BackgroundView.swift in Sources */ = {isa = PBXBuildFile; fileRef = 30CBB1B129D1A62B004AC765 /* BackgroundView.swift */; };
		30CBB1B429D1A66C004AC765 /* MessagesView.swift in Sources */ = {isa = PBXBuildFile; fileRef = 30CBB1B329D1A66C004AC765 /* MessagesView.swift */; };
		30CBB1B629D1A6C3004AC765 /* TitleView.swift in Sources */ = {isa = PBXBuildFile; fileRef = 30CBB1B529D1A6C3004AC765 /* TitleView.swift */; };
		30CBB1B829D1A6FA004AC765 /* TextView.swift in Sources */ = {isa = PBXBuildFile; fileRef = 30CBB1B729D1A6FA004AC765 /* TextView.swift */; };
		30CBB1BA29D1A7E9004AC765 /* DataItemModel.swift in Sources */ = {isa = PBXBuildFile; fileRef = 30CBB1B929D1A7E9004AC765 /* DataItemModel.swift */; };
		30CBB1BE29D1ACA2004AC765 /* LandscapeGreetingsView.swift in Sources */ = {isa = PBXBuildFile; fileRef = 30CBB1BD29D1ACA2004AC765 /* LandscapeGreetingsView.swift */; };
		30CBB1C029D1B88B004AC765 /* MainView.swift in Sources */ = {isa = PBXBuildFile; fileRef = 30CBB1BF29D1B88B004AC765 /* MainView.swift */; };
/* End PBXBuildFile section */

/* Begin PBXFileReference section */
		3035D6C929D1089400AE20DA /* Launch Screen.storyboard */ = {isa = PBXFileReference; lastKnownFileType = file.storyboard; path = "Launch Screen.storyboard"; sourceTree = "<group>"; };
		3035D6D129D10C4B00AE20DA /* NoBackground.png */ = {isa = PBXFileReference; lastKnownFileType = image.png; path = NoBackground.png; sourceTree = "<group>"; };
		3035D6D329D10E2F00AE20DA /* Preview Content */ = {isa = PBXFileReference; lastKnownFileType = folder; path = "Preview Content"; sourceTree = "<group>"; };
		3035D6D829D11F3000AE20DA /* pl */ = {isa = PBXFileReference; lastKnownFileType = text.plist.strings; name = pl; path = pl.lproj/Localizable.strings; sourceTree = "<group>"; };
		3035D6DA29D11F4D00AE20DA /* en */ = {isa = PBXFileReference; lastKnownFileType = text.plist.strings; name = en; path = en.lproj/Localizable.strings; sourceTree = "<group>"; };
		30CB8B4529CE6AAE00A38906 /* Greetings.app */ = {isa = PBXFileReference; explicitFileType = wrapper.application; includeInIndex = 0; path = Greetings.app; sourceTree = BUILT_PRODUCTS_DIR; };
		30CB8B4829CE6AAE00A38906 /* GreetingsApp.swift */ = {isa = PBXFileReference; lastKnownFileType = sourcecode.swift; path = GreetingsApp.swift; sourceTree = "<group>"; };
		30CB8B4A29CE6AAE00A38906 /* GreetingsView.swift */ = {isa = PBXFileReference; lastKnownFileType = sourcecode.swift; path = GreetingsView.swift; sourceTree = "<group>"; };
		30CB8B4C29CE6AAF00A38906 /* Assets.xcassets */ = {isa = PBXFileReference; lastKnownFileType = folder.assetcatalog; path = Assets.xcassets; sourceTree = "<group>"; };
		30CB8B4E29CE6AAF00A38906 /* Greetings.entitlements */ = {isa = PBXFileReference; lastKnownFileType = text.plist.entitlements; path = Greetings.entitlements; sourceTree = "<group>"; };
		30CBB1B129D1A62B004AC765 /* BackgroundView.swift */ = {isa = PBXFileReference; lastKnownFileType = sourcecode.swift; path = BackgroundView.swift; sourceTree = "<group>"; };
		30CBB1B329D1A66C004AC765 /* MessagesView.swift */ = {isa = PBXFileReference; lastKnownFileType = sourcecode.swift; path = MessagesView.swift; sourceTree = "<group>"; };
		30CBB1B529D1A6C3004AC765 /* TitleView.swift */ = {isa = PBXFileReference; lastKnownFileType = sourcecode.swift; path = TitleView.swift; sourceTree = "<group>"; };
		30CBB1B729D1A6FA004AC765 /* TextView.swift */ = {isa = PBXFileReference; lastKnownFileType = sourcecode.swift; path = TextView.swift; sourceTree = "<group>"; };
		30CBB1B929D1A7E9004AC765 /* DataItemModel.swift */ = {isa = PBXFileReference; lastKnownFileType = sourcecode.swift; path = DataItemModel.swift; sourceTree = "<group>"; };
		30CBB1BD29D1ACA2004AC765 /* LandscapeGreetingsView.swift */ = {isa = PBXFileReference; lastKnownFileType = sourcecode.swift; path = LandscapeGreetingsView.swift; sourceTree = "<group>"; };
		30CBB1BF29D1B88B004AC765 /* MainView.swift */ = {isa = PBXFileReference; lastKnownFileType = sourcecode.swift; path = MainView.swift; sourceTree = "<group>"; };
/* End PBXFileReference section */

/* Begin PBXFrameworksBuildPhase section */
		30CB8B4229CE6AAE00A38906 /* Frameworks */ = {
			isa = PBXFrameworksBuildPhase;
			buildActionMask = 2147483647;
			files = (
			);
			runOnlyForDeploymentPostprocessing = 0;
		};
/* End PBXFrameworksBuildPhase section */

/* Begin PBXGroup section */
		30CB8B3C29CE6AAE00A38906 = {
			isa = PBXGroup;
			children = (
				30CB8B4729CE6AAE00A38906 /* Greetings */,
				30CB8B4629CE6AAE00A38906 /* Products */,
			);
			sourceTree = "<group>";
		};
		30CB8B4629CE6AAE00A38906 /* Products */ = {
			isa = PBXGroup;
			children = (
				30CB8B4529CE6AAE00A38906 /* Greetings.app */,
			);
			name = Products;
			sourceTree = "<group>";
		};
		30CB8B4729CE6AAE00A38906 /* Greetings */ = {
			isa = PBXGroup;
			children = (
				30CBB1BC29D1A9E9004AC765 /* Models */,
				30CBB1BB29D1A9C4004AC765 /* Views */,
				30CB8B4829CE6AAE00A38906 /* GreetingsApp.swift */,
				30CB8B4C29CE6AAF00A38906 /* Assets.xcassets */,
				30CB8B4E29CE6AAF00A38906 /* Greetings.entitlements */,
				3035D6D129D10C4B00AE20DA /* NoBackground.png */,
				3035D6C929D1089400AE20DA /* Launch Screen.storyboard */,
				3035D6D329D10E2F00AE20DA /* Preview Content */,
				3035D6D929D11F3000AE20DA /* Localizable.strings */,
			);
			path = Greetings;
			sourceTree = "<group>";
		};
		30CBB1BB29D1A9C4004AC765 /* Views */ = {
			isa = PBXGroup;
			children = (
				30CB8B4A29CE6AAE00A38906 /* GreetingsView.swift */,
				30CBB1B129D1A62B004AC765 /* BackgroundView.swift */,
				30CBB1B329D1A66C004AC765 /* MessagesView.swift */,
				30CBB1B529D1A6C3004AC765 /* TitleView.swift */,
				30CBB1B729D1A6FA004AC765 /* TextView.swift */,
				30CBB1BD29D1ACA2004AC765 /* LandscapeGreetingsView.swift */,
				30CBB1BF29D1B88B004AC765 /* MainView.swift */,
			);
			path = Views;
			sourceTree = "<group>";
		};
		30CBB1BC29D1A9E9004AC765 /* Models */ = {
			isa = PBXGroup;
			children = (
				30CBB1B929D1A7E9004AC765 /* DataItemModel.swift */,
			);
			path = Models;
			sourceTree = "<group>";
		};
/* End PBXGroup section */

/* Begin PBXNativeTarget section */
		30CB8B4429CE6AAE00A38906 /* Greetings */ = {
			isa = PBXNativeTarget;
			buildConfigurationList = 30CB8B5429CE6AAF00A38906 /* Build configuration list for PBXNativeTarget "Greetings" */;
			buildPhases = (
				30CB8B4129CE6AAE00A38906 /* Sources */,
				30CB8B4229CE6AAE00A38906 /* Frameworks */,
				30CB8B4329CE6AAE00A38906 /* Resources */,
			);
			buildRules = (
			);
			dependencies = (
			);
			name = Greetings;
			productName = Greetings;
			productReference = 30CB8B4529CE6AAE00A38906 /* Greetings.app */;
			productType = "com.apple.product-type.application";
		};
/* End PBXNativeTarget section */

/* Begin PBXProject section */
		30CB8B3D29CE6AAE00A38906 /* Project object */ = {
			isa = PBXProject;
			attributes = {
				BuildIndependentTargetsInParallel = 1;
				LastSwiftUpdateCheck = 1420;
				LastUpgradeCheck = 1420;
				TargetAttributes = {
					30CB8B4429CE6AAE00A38906 = {
						CreatedOnToolsVersion = 14.2;
					};
				};
			};
			buildConfigurationList = 30CB8B4029CE6AAE00A38906 /* Build configuration list for PBXProject "Greetings" */;
			compatibilityVersion = "Xcode 14.0";
			developmentRegion = en;
			hasScannedForEncodings = 0;
			knownRegions = (
				en,
				Base,
				pl,
			);
			mainGroup = 30CB8B3C29CE6AAE00A38906;
			productRefGroup = 30CB8B4629CE6AAE00A38906 /* Products */;
			projectDirPath = "";
			projectRoot = "";
			targets = (
				30CB8B4429CE6AAE00A38906 /* Greetings */,
			);
		};
/* End PBXProject section */

/* Begin PBXResourcesBuildPhase section */
		30CB8B4329CE6AAE00A38906 /* Resources */ = {
			isa = PBXResourcesBuildPhase;
			buildActionMask = 2147483647;
			files = (
				3035D6D729D11F3000AE20DA /* Localizable.strings in Resources */,
				3035D6D429D10E2F00AE20DA /* Preview Content in Resources */,
				3035D6CA29D1089400AE20DA /* Launch Screen.storyboard in Resources */,
				30CB8B4D29CE6AAF00A38906 /* Assets.xcassets in Resources */,
				3035D6D229D10C4B00AE20DA /* NoBackground.png in Resources */,
			);
			runOnlyForDeploymentPostprocessing = 0;
		};
/* End PBXResourcesBuildPhase section */

/* Begin PBXSourcesBuildPhase section */
		30CB8B4129CE6AAE00A38906 /* Sources */ = {
			isa = PBXSourcesBuildPhase;
			buildActionMask = 2147483647;
			files = (
				30CBB1BA29D1A7E9004AC765 /* DataItemModel.swift in Sources */,
				30CBB1C029D1B88B004AC765 /* MainView.swift in Sources */,
				30CBB1B429D1A66C004AC765 /* MessagesView.swift in Sources */,
				30CBB1B229D1A62B004AC765 /* BackgroundView.swift in Sources */,
				30CB8B4B29CE6AAE00A38906 /* GreetingsView.swift in Sources */,
				30CBB1B829D1A6FA004AC765 /* TextView.swift in Sources */,
				30CBB1BE29D1ACA2004AC765 /* LandscapeGreetingsView.swift in Sources */,
				30CB8B4929CE6AAE00A38906 /* GreetingsApp.swift in Sources */,
				30CBB1B629D1A6C3004AC765 /* TitleView.swift in Sources */,
			);
			runOnlyForDeploymentPostprocessing = 0;
		};
/* End PBXSourcesBuildPhase section */

/* Begin PBXVariantGroup section */
		3035D6D929D11F3000AE20DA /* Localizable.strings */ = {
			isa = PBXVariantGroup;
			children = (
				3035D6D829D11F3000AE20DA /* pl */,
				3035D6DA29D11F4D00AE20DA /* en */,
			);
			name = Localizable.strings;
			sourceTree = "<group>";
		};
/* End PBXVariantGroup section */

/* Begin XCBuildConfiguration section */
		30CB8B5229CE6AAF00A38906 /* Debug */ = {
			isa = XCBuildConfiguration;
			buildSettings = {
				ALWAYS_SEARCH_USER_PATHS = NO;
				CLANG_ANALYZER_NONNULL = YES;
				CLANG_ANALYZER_NUMBER_OBJECT_CONVERSION = YES_AGGRESSIVE;
				CLANG_CXX_LANGUAGE_STANDARD = "gnu++20";
				CLANG_ENABLE_MODULES = YES;
				CLANG_ENABLE_OBJC_ARC = YES;
				CLANG_ENABLE_OBJC_WEAK = YES;
				CLANG_WARN_BLOCK_CAPTURE_AUTORELEASING = YES;
				CLANG_WARN_BOOL_CONVERSION = YES;
				CLANG_WARN_COMMA = YES;
				CLANG_WARN_CONSTANT_CONVERSION = YES;
				CLANG_WARN_DEPRECATED_OBJC_IMPLEMENTATIONS = YES;
				CLANG_WARN_DIRECT_OBJC_ISA_USAGE = YES_ERROR;
				CLANG_WARN_DOCUMENTATION_COMMENTS = YES;
				CLANG_WARN_EMPTY_BODY = YES;
				CLANG_WARN_ENUM_CONVERSION = YES;
				CLANG_WARN_INFINITE_RECURSION = YES;
				CLANG_WARN_INT_CONVERSION = YES;
				CLANG_WARN_NON_LITERAL_NULL_CONVERSION = YES;
				CLANG_WARN_OBJC_IMPLICIT_RETAIN_SELF = YES;
				CLANG_WARN_OBJC_LITERAL_CONVERSION = YES;
				CLANG_WARN_OBJC_ROOT_CLASS = YES_ERROR;
				CLANG_WARN_QUOTED_INCLUDE_IN_FRAMEWORK_HEADER = YES;
				CLANG_WARN_RANGE_LOOP_ANALYSIS = YES;
				CLANG_WARN_STRICT_PROTOTYPES = YES;
				CLANG_WARN_SUSPICIOUS_MOVE = YES;
				CLANG_WARN_UNGUARDED_AVAILABILITY = YES_AGGRESSIVE;
				CLANG_WARN_UNREACHABLE_CODE = YES;
				CLANG_WARN__DUPLICATE_METHOD_MATCH = YES;
				COPY_PHASE_STRIP = NO;
				DEBUG_INFORMATION_FORMAT = dwarf;
				ENABLE_STRICT_OBJC_MSGSEND = YES;
				ENABLE_TESTABILITY = YES;
				GCC_C_LANGUAGE_STANDARD = gnu11;
				GCC_DYNAMIC_NO_PIC = NO;
				GCC_NO_COMMON_BLOCKS = YES;
				GCC_OPTIMIZATION_LEVEL = 0;
				GCC_PREPROCESSOR_DEFINITIONS = (
					"DEBUG=1",
					"$(inherited)",
				);
				GCC_WARN_64_TO_32_BIT_CONVERSION = YES;
				GCC_WARN_ABOUT_RETURN_TYPE = YES_ERROR;
				GCC_WARN_UNDECLARED_SELECTOR = YES;
				GCC_WARN_UNINITIALIZED_AUTOS = YES_AGGRESSIVE;
				GCC_WARN_UNUSED_FUNCTION = YES;
				GCC_WARN_UNUSED_VARIABLE = YES;
				MTL_ENABLE_DEBUG_INFO = INCLUDE_SOURCE;
				MTL_FAST_MATH = YES;
				ONLY_ACTIVE_ARCH = YES;
				SWIFT_ACTIVE_COMPILATION_CONDITIONS = DEBUG;
				SWIFT_OPTIMIZATION_LEVEL = "-Onone";
			};
			name = Debug;
		};
		30CB8B5329CE6AAF00A38906 /* Release */ = {
			isa = XCBuildConfiguration;
			buildSettings = {
				ALWAYS_SEARCH_USER_PATHS = NO;
				CLANG_ANALYZER_NONNULL = YES;
				CLANG_ANALYZER_NUMBER_OBJECT_CONVERSION = YES_AGGRESSIVE;
				CLANG_CXX_LANGUAGE_STANDARD = "gnu++20";
				CLANG_ENABLE_MODULES = YES;
				CLANG_ENABLE_OBJC_ARC = YES;
				CLANG_ENABLE_OBJC_WEAK = YES;
				CLANG_WARN_BLOCK_CAPTURE_AUTORELEASING = YES;
				CLANG_WARN_BOOL_CONVERSION = YES;
				CLANG_WARN_COMMA = YES;
				CLANG_WARN_CONSTANT_CONVERSION = YES;
				CLANG_WARN_DEPRECATED_OBJC_IMPLEMENTATIONS = YES;
				CLANG_WARN_DIRECT_OBJC_ISA_USAGE = YES_ERROR;
				CLANG_WARN_DOCUMENTATION_COMMENTS = YES;
				CLANG_WARN_EMPTY_BODY = YES;
				CLANG_WARN_ENUM_CONVERSION = YES;
				CLANG_WARN_INFINITE_RECURSION = YES;
				CLANG_WARN_INT_CONVERSION = YES;
				CLANG_WARN_NON_LITERAL_NULL_CONVERSION = YES;
				CLANG_WARN_OBJC_IMPLICIT_RETAIN_SELF = YES;
				CLANG_WARN_OBJC_LITERAL_CONVERSION = YES;
				CLANG_WARN_OBJC_ROOT_CLASS = YES_ERROR;
				CLANG_WARN_QUOTED_INCLUDE_IN_FRAMEWORK_HEADER = YES;
				CLANG_WARN_RANGE_LOOP_ANALYSIS = YES;
				CLANG_WARN_STRICT_PROTOTYPES = YES;
				CLANG_WARN_SUSPICIOUS_MOVE = YES;
				CLANG_WARN_UNGUARDED_AVAILABILITY = YES_AGGRESSIVE;
				CLANG_WARN_UNREACHABLE_CODE = YES;
				CLANG_WARN__DUPLICATE_METHOD_MATCH = YES;
				COPY_PHASE_STRIP = NO;
				DEBUG_INFORMATION_FORMAT = "dwarf-with-dsym";
				ENABLE_NS_ASSERTIONS = NO;
				ENABLE_STRICT_OBJC_MSGSEND = YES;
				GCC_C_LANGUAGE_STANDARD = gnu11;
				GCC_NO_COMMON_BLOCKS = YES;
				GCC_WARN_64_TO_32_BIT_CONVERSION = YES;
				GCC_WARN_ABOUT_RETURN_TYPE = YES_ERROR;
				GCC_WARN_UNDECLARED_SELECTOR = YES;
				GCC_WARN_UNINITIALIZED_AUTOS = YES_AGGRESSIVE;
				GCC_WARN_UNUSED_FUNCTION = YES;
				GCC_WARN_UNUSED_VARIABLE = YES;
				MTL_ENABLE_DEBUG_INFO = NO;
				MTL_FAST_MATH = YES;
				SWIFT_COMPILATION_MODE = wholemodule;
				SWIFT_OPTIMIZATION_LEVEL = "-O";
			};
			name = Release;
		};
		30CB8B5529CE6AAF00A38906 /* Debug */ = {
			isa = XCBuildConfiguration;
			buildSettings = {
				ASSETCATALOG_COMPILER_APPICON_NAME = AppIcon;
				ASSETCATALOG_COMPILER_GLOBAL_ACCENT_COLOR_NAME = AccentColor;
				CODE_SIGN_ENTITLEMENTS = Greetings/Greetings.entitlements;
				CODE_SIGN_STYLE = Automatic;
				CURRENT_PROJECT_VERSION = 1;
				DEVELOPMENT_ASSET_PATHS = "\"Greetings/Preview Content\"";
				DEVELOPMENT_TEAM = RK58VW7QDH;
				ENABLE_HARDENED_RUNTIME = YES;
				ENABLE_PREVIEWS = YES;
				GENERATE_INFOPLIST_FILE = YES;
				"INFOPLIST_KEY_UIApplicationSceneManifest_Generation[sdk=iphoneos*]" = YES;
				"INFOPLIST_KEY_UIApplicationSceneManifest_Generation[sdk=iphonesimulator*]" = YES;
				"INFOPLIST_KEY_UIApplicationSupportsIndirectInputEvents[sdk=iphoneos*]" = YES;
				"INFOPLIST_KEY_UIApplicationSupportsIndirectInputEvents[sdk=iphonesimulator*]" = YES;
				"INFOPLIST_KEY_UILaunchScreen_Generation[sdk=iphoneos*]" = YES;
				"INFOPLIST_KEY_UILaunchScreen_Generation[sdk=iphonesimulator*]" = YES;
				"INFOPLIST_KEY_UIStatusBarStyle[sdk=iphoneos*]" = UIStatusBarStyleDefault;
				"INFOPLIST_KEY_UIStatusBarStyle[sdk=iphonesimulator*]" = UIStatusBarStyleDefault;
				INFOPLIST_KEY_UISupportedInterfaceOrientations = "UIInterfaceOrientationLandscapeLeft UIInterfaceOrientationLandscapeRight UIInterfaceOrientationPortrait";
				INFOPLIST_KEY_UISupportedInterfaceOrientations_iPad = "UIInterfaceOrientationLandscapeLeft UIInterfaceOrientationLandscapeRight UIInterfaceOrientationPortrait UIInterfaceOrientationPortraitUpsideDown";
				IPHONEOS_DEPLOYMENT_TARGET = 16.2;
				LD_RUNPATH_SEARCH_PATHS = "@executable_path/Frameworks";
				"LD_RUNPATH_SEARCH_PATHS[sdk=macosx*]" = "@executable_path/../Frameworks";
				MACOSX_DEPLOYMENT_TARGET = 13.1;
				MARKETING_VERSION = 1.0;
				PRODUCT_BUNDLE_IDENTIFIER = macple.Greetings;
				PRODUCT_NAME = "$(TARGET_NAME)";
				SDKROOT = auto;
				SUPPORTED_PLATFORMS = "iphoneos iphonesimulator macosx";
				SWIFT_EMIT_LOC_STRINGS = YES;
				SWIFT_VERSION = 5.0;
				TARGETED_DEVICE_FAMILY = "1,2";
			};
			name = Debug;
		};
		30CB8B5629CE6AAF00A38906 /* Release */ = {
			isa = XCBuildConfiguration;
			buildSettings = {
				ASSETCATALOG_COMPILER_APPICON_NAME = AppIcon;
				ASSETCATALOG_COMPILER_GLOBAL_ACCENT_COLOR_NAME = AccentColor;
				CODE_SIGN_ENTITLEMENTS = Greetings/Greetings.entitlements;
				CODE_SIGN_STYLE = Automatic;
				CURRENT_PROJECT_VERSION = 1;
				DEVELOPMENT_ASSET_PATHS = "\"Greetings/Preview Content\"";
				DEVELOPMENT_TEAM = RK58VW7QDH;
				ENABLE_HARDENED_RUNTIME = YES;
				ENABLE_PREVIEWS = YES;
				GENERATE_INFOPLIST_FILE = YES;
				"INFOPLIST_KEY_UIApplicationSceneManifest_Generation[sdk=iphoneos*]" = YES;
				"INFOPLIST_KEY_UIApplicationSceneManifest_Generation[sdk=iphonesimulator*]" = YES;
				"INFOPLIST_KEY_UIApplicationSupportsIndirectInputEvents[sdk=iphoneos*]" = YES;
				"INFOPLIST_KEY_UIApplicationSupportsIndirectInputEvents[sdk=iphonesimulator*]" = YES;
				"INFOPLIST_KEY_UILaunchScreen_Generation[sdk=iphoneos*]" = YES;
				"INFOPLIST_KEY_UILaunchScreen_Generation[sdk=iphonesimulator*]" = YES;
				"INFOPLIST_KEY_UIStatusBarStyle[sdk=iphoneos*]" = UIStatusBarStyleDefault;
				"INFOPLIST_KEY_UIStatusBarStyle[sdk=iphonesimulator*]" = UIStatusBarStyleDefault;
				INFOPLIST_KEY_UISupportedInterfaceOrientations = "UIInterfaceOrientationLandscapeLeft UIInterfaceOrientationLandscapeRight UIInterfaceOrientationPortrait";
				INFOPLIST_KEY_UISupportedInterfaceOrientations_iPad = "UIInterfaceOrientationLandscapeLeft UIInterfaceOrientationLandscapeRight UIInterfaceOrientationPortrait UIInterfaceOrientationPortraitUpsideDown";
				IPHONEOS_DEPLOYMENT_TARGET = 16.2;
				LD_RUNPATH_SEARCH_PATHS = "@executable_path/Frameworks";
				"LD_RUNPATH_SEARCH_PATHS[sdk=macosx*]" = "@executable_path/../Frameworks";
				MACOSX_DEPLOYMENT_TARGET = 13.1;
				MARKETING_VERSION = 1.0;
				PRODUCT_BUNDLE_IDENTIFIER = macple.Greetings;
				PRODUCT_NAME = "$(TARGET_NAME)";
				SDKROOT = auto;
				SUPPORTED_PLATFORMS = "iphoneos iphonesimulator macosx";
				SWIFT_EMIT_LOC_STRINGS = YES;
				SWIFT_VERSION = 5.0;
				TARGETED_DEVICE_FAMILY = "1,2";
			};
			name = Release;
		};
/* End XCBuildConfiguration section */

/* Begin XCConfigurationList section */
		30CB8B4029CE6AAE00A38906 /* Build configuration list for PBXProject "Greetings" */ = {
			isa = XCConfigurationList;
			buildConfigurations = (
				30CB8B5229CE6AAF00A38906 /* Debug */,
				30CB8B5329CE6AAF00A38906 /* Release */,
			);
			defaultConfigurationIsVisible = 0;
			defaultConfigurationName = Release;
		};
		30CB8B5429CE6AAF00A38906 /* Build configuration list for PBXNativeTarget "Greetings" */ = {
			isa = XCConfigurationList;
			buildConfigurations = (
				30CB8B5529CE6AAF00A38906 /* Debug */,
				30CB8B5629CE6AAF00A38906 /* Release */,
			);
			defaultConfigurationIsVisible = 0;
			defaultConfigurationName = Release;
		};
/* End XCConfigurationList section */
	};
	rootObject = 30CB8B3D29CE6AAE00A38906 /* Project object */;
}
